
Microsoft Visual Studio Solution File, Format Version 12.00
# Visual Studio Version 16
VisualStudioVersion = 16.0.31410.357
MinimumVisualStudioVersion = 10.0.40219.1
Project("{FAE04EC0-301F-11D3-BF4B-00C04F79EFBC}") = "GH_LikeEditor", "GH_LikeEditor\GH_LikeEditor.csproj", "{D8CF084E-6B67-4967-A5BE-5C92A8B9D0C5}"
EndProject
Global
	GlobalSection(SolutionConfigurationPlatforms) = preSolution
		Debug|Any CPU = Debug|Any CPU
		Release|Any CPU = Release|Any CPU
	EndGlobalSection
	GlobalSection(ProjectConfigurationPlatforms) = postSolution
		{D8CF084E-6B67-4967-A5BE-5C92A8B9D0C5}.Debug|Any CPU.ActiveCfg = Debug|Any CPU
		{D8CF084E-6B67-4967-A5BE-5C92A8B9D0C5}.Debug|Any CPU.Build.0 = Debug|Any CPU
		{D8CF084E-6B67-4967-A5BE-5C92A8B9D0C5}.Release|Any CPU.ActiveCfg = Release|Any CPU
		{D8CF084E-6B67-4967-A5BE-5C92A8B9D0C5}.Release|Any CPU.Build.0 = Release|Any CPU
	EndGlobalSection
	GlobalSection(SolutionProperties) = preSolution
		HideSolutionNode = FALSE
	EndGlobalSection
	GlobalSection(ExtensibilityGlobals) = postSolution
		SolutionGuid = {16432514-F9C9-4587-AA8E-A26619866117}
	EndGlobalSection
EndGlobal
